
Microsoft Visual Studio Solution File, Format Version 12.00
# Visual Studio 14
VisualStudioVersion = 14.0.24720.0
MinimumVisualStudioVersion = 10.0.40219.1
Project("{FAE04EC0-301F-11D3-BF4B-00C04F79EFBC}") = "Problems Tracking Sys", "Problems Tracking Sys\Problems Tracking Sys.csproj", "{819A329D-58AA-4369-9680-C8CC73C8195D}"
EndProject
Global
	GlobalSection(SolutionConfigurationPlatforms) = preSolution
		Debug|Any CPU = Debug|Any CPU
		Release|Any CPU = Release|Any CPU
	EndGlobalSection
	GlobalSection(ProjectConfigurationPlatforms) = postSolution
		{819A329D-58AA-4369-9680-C8CC73C8195D}.Debug|Any CPU.ActiveCfg = Debug|Any CPU
		{819A329D-58AA-4369-9680-C8CC73C8195D}.Debug|Any CPU.Build.0 = Debug|Any CPU
		{819A329D-58AA-4369-9680-C8CC73C8195D}.Release|Any CPU.ActiveCfg = Release|Any CPU
		{819A329D-58AA-4369-9680-C8CC73C8195D}.Release|Any CPU.Build.0 = Release|Any CPU
	EndGlobalSection
	GlobalSection(SolutionProperties) = preSolution
		HideSolutionNode = FALSE
	EndGlobalSection
EndGlobal
